<?xml version="1.0" encoding="utf-8"?>
<Project ToolsVersion="4.0" xmlns="http://schemas.microsoft.com/developer/msbuild/2003">
  <ItemGroup>
    <Filter Include="Voxen">
      <UniqueIdentifier>{7525520E-E139-7ABF-AABB-1D1F168F76F0}</UniqueIdentifier>
    </Filter>
  </ItemGroup>
  <ItemGroup>
    <ClInclude Include="src\Voxen.h" />
    <ClInclude Include="src\Voxen\Application.h">
      <Filter>Voxen</Filter>
    </ClInclude>
    <ClInclude Include="src\Voxen\Core.h">
      <Filter>Voxen</Filter>
    </ClInclude>
    <ClInclude Include="src\Voxen\EntryPoint.h">
      <Filter>Voxen</Filter>
    </ClInclude>
    <ClInclude Include="src\Voxen\Log.h">
      <Filter>Voxen</Filter>
    </ClInclude>
    <ClInclude Include="src\Voxen\Events\Event.h" />
    <ClInclude Include="src\Voxen\Events\ApplicationEvent.h" />
    <ClInclude Include="src\Voxen\Events\KeyEvent.h" />
    <ClInclude Include="src\Voxen\Events\MouseEvent.h" />
  </ItemGroup>
  <ItemGroup>
    <ClCompile Include="src\Voxen\Application.cpp">
      <Filter>Voxen</Filter>
    </ClCompile>
    <ClCompile Include="src\Voxen\Log.cpp">
      <Filter>Voxen</Filter>
    </ClCompile>
  </ItemGroup>
</Project>